
Microsoft Visual Studio Solution File, Format Version 12.00
# Visual Studio Version 17
Project("{2150E333-8FDC-42A3-9474-1A3956D46DE8}") = "CMakePredefinedTargets", "CMakePredefinedTargets", "{68534103-CBEB-34F7-AEC5-8CD30E7FA722}"
EndProject
Project("{8BC9CEB8-8B4A-11D0-8D11-00A0C91BC942}") = "CSC8503", "CSC8503\CSC8503.vcxproj", "{FAD79581-B107-3250-AC3C-27D121B3464F}"
	ProjectSection(ProjectDependencies) = postProject
		{56DBA968-E259-39F3-B282-08D21A5233A6} = {56DBA968-E259-39F3-B282-08D21A5233A6}
		{995B5EF0-2519-3867-9D75-ECD5FF54B05A} = {995B5EF0-2519-3867-9D75-ECD5FF54B05A}
		{06394437-714D-3F40-9B99-F703D847A9C1} = {06394437-714D-3F40-9B99-F703D847A9C1}
		{C850777C-0BAE-35E8-8C5E-E560D11563C5} = {C850777C-0BAE-35E8-8C5E-E560D11563C5}
	EndProjectSection
EndProject
Project("{8BC9CEB8-8B4A-11D0-8D11-00A0C91BC942}") = "ALL_BUILD", "ALL_BUILD.vcxproj", "{E3285A4C-BDB7-3F2E-808D-63204080ABE2}"
	ProjectSection(ProjectDependencies) = postProject
		{FAD79581-B107-3250-AC3C-27D121B3464F} = {FAD79581-B107-3250-AC3C-27D121B3464F}
		{56DBA968-E259-39F3-B282-08D21A5233A6} = {56DBA968-E259-39F3-B282-08D21A5233A6}
		{995B5EF0-2519-3867-9D75-ECD5FF54B05A} = {995B5EF0-2519-3867-9D75-ECD5FF54B05A}
		{06394437-714D-3F40-9B99-F703D847A9C1} = {06394437-714D-3F40-9B99-F703D847A9C1}
		{C850777C-0BAE-35E8-8C5E-E560D11563C5} = {C850777C-0BAE-35E8-8C5E-E560D11563C5}
	EndProjectSection
EndProject
Project("{8BC9CEB8-8B4A-11D0-8D11-00A0C91BC942}") = "CSC8503CoreClasses", "CSC8503CoreClasses\CSC8503CoreClasses.vcxproj", "{56DBA968-E259-39F3-B282-08D21A5233A6}"
	ProjectSection(ProjectDependencies) = postProject
		{C850777C-0BAE-35E8-8C5E-E560D11563C5} = {C850777C-0BAE-35E8-8C5E-E560D11563C5}
	EndProjectSection
EndProject
Project("{8BC9CEB8-8B4A-11D0-8D11-00A0C91BC942}") = "NCLCoreClasses", "NCLCoreClasses\NCLCoreClasses.vcxproj", "{995B5EF0-2519-3867-9D75-ECD5FF54B05A}"
	ProjectSection(ProjectDependencies) = postProject
		{C850777C-0BAE-35E8-8C5E-E560D11563C5} = {C850777C-0BAE-35E8-8C5E-E560D11563C5}
	EndProjectSection
EndProject
Project("{8BC9CEB8-8B4A-11D0-8D11-00A0C91BC942}") = "OpenGLRendering", "OpenGLRendering\OpenGLRendering.vcxproj", "{06394437-714D-3F40-9B99-F703D847A9C1}"
	ProjectSection(ProjectDependencies) = postProject
		{995B5EF0-2519-3867-9D75-ECD5FF54B05A} = {995B5EF0-2519-3867-9D75-ECD5FF54B05A}
		{C850777C-0BAE-35E8-8C5E-E560D11563C5} = {C850777C-0BAE-35E8-8C5E-E560D11563C5}
	EndProjectSection
EndProject
Project("{8BC9CEB8-8B4A-11D0-8D11-00A0C91BC942}") = "ZERO_CHECK", "ZERO_CHECK.vcxproj", "{C850777C-0BAE-35E8-8C5E-E560D11563C5}"
	ProjectSection(ProjectDependencies) = postProject
	EndProjectSection
EndProject
Global
	GlobalSection(SolutionConfigurationPlatforms) = preSolution
		Debug|x64 = Debug|x64
		Release|x64 = Release|x64
	EndGlobalSection
	GlobalSection(ProjectConfigurationPlatforms) = postSolution
		{FAD79581-B107-3250-AC3C-27D121B3464F}.Debug|x64.ActiveCfg = Debug|x64
		{FAD79581-B107-3250-AC3C-27D121B3464F}.Debug|x64.Build.0 = Debug|x64
		{FAD79581-B107-3250-AC3C-27D121B3464F}.Release|x64.ActiveCfg = Release|x64
		{FAD79581-B107-3250-AC3C-27D121B3464F}.Release|x64.Build.0 = Release|x64
		{E3285A4C-BDB7-3F2E-808D-63204080ABE2}.Debug|x64.ActiveCfg = Debug|x64
		{E3285A4C-BDB7-3F2E-808D-63204080ABE2}.Release|x64.ActiveCfg = Release|x64
		{56DBA968-E259-39F3-B282-08D21A5233A6}.Debug|x64.ActiveCfg = Debug|x64
		{56DBA968-E259-39F3-B282-08D21A5233A6}.Debug|x64.Build.0 = Debug|x64
		{56DBA968-E259-39F3-B282-08D21A5233A6}.Release|x64.ActiveCfg = Release|x64
		{56DBA968-E259-39F3-B282-08D21A5233A6}.Release|x64.Build.0 = Release|x64
		{995B5EF0-2519-3867-9D75-ECD5FF54B05A}.Debug|x64.ActiveCfg = Debug|x64
		{995B5EF0-2519-3867-9D75-ECD5FF54B05A}.Debug|x64.Build.0 = Debug|x64
		{995B5EF0-2519-3867-9D75-ECD5FF54B05A}.Release|x64.ActiveCfg = Release|x64
		{995B5EF0-2519-3867-9D75-ECD5FF54B05A}.Release|x64.Build.0 = Release|x64
		{06394437-714D-3F40-9B99-F703D847A9C1}.Debug|x64.ActiveCfg = Debug|x64
		{06394437-714D-3F40-9B99-F703D847A9C1}.Debug|x64.Build.0 = Debug|x64
		{06394437-714D-3F40-9B99-F703D847A9C1}.Release|x64.ActiveCfg = Release|x64
		{06394437-714D-3F40-9B99-F703D847A9C1}.Release|x64.Build.0 = Release|x64
		{C850777C-0BAE-35E8-8C5E-E560D11563C5}.Debug|x64.ActiveCfg = Debug|x64
		{C850777C-0BAE-35E8-8C5E-E560D11563C5}.Debug|x64.Build.0 = Debug|x64
		{C850777C-0BAE-35E8-8C5E-E560D11563C5}.Release|x64.ActiveCfg = Release|x64
		{C850777C-0BAE-35E8-8C5E-E560D11563C5}.Release|x64.Build.0 = Release|x64
	EndGlobalSection
	GlobalSection(NestedProjects) = preSolution
		{E3285A4C-BDB7-3F2E-808D-63204080ABE2} = {68534103-CBEB-34F7-AEC5-8CD30E7FA722}
		{C850777C-0BAE-35E8-8C5E-E560D11563C5} = {68534103-CBEB-34F7-AEC5-8CD30E7FA722}
	EndGlobalSection
	GlobalSection(ExtensibilityGlobals) = postSolution
		SolutionGuid = {70D3ED44-1C15-351E-8C9B-2C1253DD70BC}
	EndGlobalSection
	GlobalSection(ExtensibilityAddIns) = postSolution
	EndGlobalSection
EndGlobal
