<?xml version="1.0" encoding="utf-8"?>
<Project ToolsVersion="17.0" xmlns="http://schemas.microsoft.com/developer/msbuild/2003">
  <ItemGroup>
    <ClCompile Include="C:\Users\Ben\source\repos\CSC8503_physics_ai_networking\CSC8503 physics ai networking\OpenGLRendering\CMakeFiles\OpenGLRendering.dir\cmake_pch.cxx">
      <Filter>Source Files</Filter>
    </ClCompile>
    <ClCompile Include="C:\Users\Ben\source\repos\CSC8503_physics_ai_networking\CSC8503 physics ai networking\OpenGLRendering\OGLTexture.h">
      <Filter>Header Files</Filter>
    </ClCompile>
    <ClCompile Include="C:\Users\Ben\source\repos\CSC8503_physics_ai_networking\CSC8503 physics ai networking\OpenGLRendering\OGLShader.h">
      <Filter>Header Files</Filter>
    </ClCompile>
    <ClCompile Include="C:\Users\Ben\source\repos\CSC8503_physics_ai_networking\CSC8503 physics ai networking\OpenGLRendering\OGLRenderer.h">
      <Filter>Header Files</Filter>
    </ClCompile>
    <ClCompile Include="C:\Users\Ben\source\repos\CSC8503_physics_ai_networking\CSC8503 physics ai networking\OpenGLRendering\OGLMesh.h">
      <Filter>Header Files</Filter>
    </ClCompile>
    <ClCompile Include="C:\Users\Ben\source\repos\CSC8503_physics_ai_networking\CSC8503 physics ai networking\OpenGLRendering\OGLComputeShader.h">
      <Filter>Header Files</Filter>
    </ClCompile>
    <ClCompile Include="C:\Users\Ben\source\repos\CSC8503_physics_ai_networking\CSC8503 physics ai networking\OpenGLRendering\OGLTexture.cpp">
      <Filter>Source Files</Filter>
    </ClCompile>
    <ClCompile Include="C:\Users\Ben\source\repos\CSC8503_physics_ai_networking\CSC8503 physics ai networking\OpenGLRendering\OGLShader.cpp">
      <Filter>Source Files</Filter>
    </ClCompile>
    <ClCompile Include="C:\Users\Ben\source\repos\CSC8503_physics_ai_networking\CSC8503 physics ai networking\OpenGLRendering\OGLRenderer.cpp">
      <Filter>Source Files</Filter>
    </ClCompile>
    <ClCompile Include="C:\Users\Ben\source\repos\CSC8503_physics_ai_networking\CSC8503 physics ai networking\OpenGLRendering\OGLMesh.cpp">
      <Filter>Source Files</Filter>
    </ClCompile>
    <ClCompile Include="C:\Users\Ben\source\repos\CSC8503_physics_ai_networking\CSC8503 physics ai networking\OpenGLRendering\OGLComputeShader.cpp">
      <Filter>Source Files</Filter>
    </ClCompile>
    <ClCompile Include="C:\Users\Ben\source\repos\CSC8503_physics_ai_networking\CSC8503 physics ai networking\OpenGLRendering\glad\gl.h">
      <Filter>GLAD</Filter>
    </ClCompile>
    <ClCompile Include="C:\Users\Ben\source\repos\CSC8503_physics_ai_networking\CSC8503 physics ai networking\OpenGLRendering\glad\gl.c">
      <Filter>GLAD</Filter>
    </ClCompile>
  </ItemGroup>
  <ItemGroup>
    <ClInclude Include="C:\Users\Ben\source\repos\CSC8503_physics_ai_networking\CSC8503 physics ai networking\OpenGLRendering\CMakeFiles\OpenGLRendering.dir\Debug\cmake_pch.hxx">
      <Filter>Precompile Header File</Filter>
    </ClInclude>
    <ClInclude Include="C:\Users\Ben\source\repos\CSC8503_physics_ai_networking\CSC8503 physics ai networking\OpenGLRendering\CMakeFiles\OpenGLRendering.dir\Release\cmake_pch.hxx">
      <Filter>Precompile Header File</Filter>
    </ClInclude>
  </ItemGroup>
  <ItemGroup>
    <CustomBuild Include="C:\Users\Ben\source\repos\CSC8503_physics_ai_networking\CSC8503 physics ai networking\OpenGLRendering\CMakeLists.txt" />
  </ItemGroup>
  <ItemGroup>
    <Filter Include="GLAD">
      <UniqueIdentifier>{6415E3B7-FA70-31D0-8603-DEE260012B09}</UniqueIdentifier>
    </Filter>
    <Filter Include="Header Files">
      <UniqueIdentifier>{E9F2C510-88EC-3663-AB56-88C3593B25AD}</UniqueIdentifier>
    </Filter>
    <Filter Include="Precompile Header File">
      <UniqueIdentifier>{2A52E1BF-4E26-3147-85CC-CAA68443BC75}</UniqueIdentifier>
    </Filter>
    <Filter Include="Source Files">
      <UniqueIdentifier>{2DD91FEA-87A6-3168-9649-5AADCB2C9311}</UniqueIdentifier>
    </Filter>
  </ItemGroup>
</Project>
